
Microsoft Visual Studio Solution File, Format Version 12.00
# Visual Studio 15
VisualStudioVersion = 15.0.28307.539
MinimumVisualStudioVersion = 10.0.40219.1
Project("{FAE04EC0-301F-11D3-BF4B-00C04F79EFBC}") = "Reader", "Reader\Reader.csproj", "{9C2D6F95-87D1-4F62-8BAA-426F3054CC81}"
EndProject
Global
	GlobalSection(SolutionConfigurationPlatforms) = preSolution
		Debug|Any CPU = Debug|Any CPU
		Release|Any CPU = Release|Any CPU
	EndGlobalSection
	GlobalSection(ProjectConfigurationPlatforms) = postSolution
		{9C2D6F95-87D1-4F62-8BAA-426F3054CC81}.Debug|Any CPU.ActiveCfg = Debug|Any CPU
		{9C2D6F95-87D1-4F62-8BAA-426F3054CC81}.Debug|Any CPU.Build.0 = Debug|Any CPU
		{9C2D6F95-87D1-4F62-8BAA-426F3054CC81}.Release|Any CPU.ActiveCfg = Release|Any CPU
		{9C2D6F95-87D1-4F62-8BAA-426F3054CC81}.Release|Any CPU.Build.0 = Release|Any CPU
	EndGlobalSection
	GlobalSection(SolutionProperties) = preSolution
		HideSolutionNode = FALSE
	EndGlobalSection
	GlobalSection(ExtensibilityGlobals) = postSolution
		SolutionGuid = {D0482737-4D2C-4131-AB4E-48B31671542B}
	EndGlobalSection
EndGlobal
